version: 1.0
shards:
  colorful:
    github: icyleaf/colorful.cr
    version: 0.1.0

  kemal:
    github: kemalcr/kemal
    version: 0.19.0

  kilt:
    github: jeromegn/kilt
    version: 0.3.3

  radix:
    github: luislavena/radix
    version: 0.3.8

  stumpy_core:
    git: https://github.com/l3kn/stumpy_core.git
    commit: 8f9390d3476e19e2a7c0fa6622b2c1092892bfb3

  stumpy_png:
    github: l3kn/stumpy_png
    version: 4.1.1

  terminal_table:
    github: benoist/terminal_table.cr
    commit: a14e244219a6a7b804b3491bafcff73f4b74855e

